encryption_constant:
  size: u32
  address: 0x00
sanity:
  size: u16
  address: 0x04
checksum:
  size: u16
  address: 0x06
nickname:
  endAtZero: true
  size: char16[0x0C]
  address: 0x40
species_id:
  size: u16
  address: 0x08
held_item:
  size: u16
  address: 0x0A
id32:
  size: u32
  address: 0x0C
tid16:
  size: u16
  address: 0x0C
sid16:
  size: u16
  address: 0x0E
exp:
  size: u32
  address: 0x10
ability:
  size: u16
  address: 0x14
ability_span:
  address: 0x15
  bits:
    ability_number: 7
    is_hidden: 1
marking_value:
  size: u16
  address: 0x16
pid:
  size: u32
  address: 0x18
nature:
  size: u8
  address: 0x1C
gender_span:
  address: 0x1D
  bits:
    fateful_encounter: 1
    gender: 3
    form: 3
ev_hp:
  size: u8
  address: 0x1E
ev_atk:
  size: u8
  address: 0x1F
ev_def:
  size: u8
  address: 0x20
ev_spe:
  size: u8
  address: 0x21
ev_spa:
  size: u8
  address: 0x22
ev_spd:
  size: u8
  address: 0x23
contest_cool:
  size: u8
  address: 0x24
contest_beauty:
  size: u8
  address: 0x25
contest_cute:
  size: u8
  address: 0x26
contest_smart:
  size: u8
  address: 0x27
contest_tough:
  size: u8
  address: 0x28
contest_sheen:
  size: u8
  address: 0x29
resort_status:
  size: u8
  address: 0x2A
pokerus_state:
  address: 0x28
  bits:
    pokerus_days: 4
    pokerus_strain: 4
move1:
  size: u16
  address: 0x5A
move2:
  size: u16
  address: 0x5C
move3:
  size: u16
  address: 0x5E
move4:
  size: u16
  address: 0x60
relearn_move1:
  size: u16
  address: 0x6A
relearn_move2:
  size: u16
  address: 0x6C
relearn_move3:
  size: u16
  address: 0x6E
relearn_move4:
  size: u16
  address: 0x70
iv_span:
  address: 0x74
  bits:
    iv_hp: 5
    iv_atk: 5
    iv_def: 5
    iv_spe: 5
    iv_spa: 5
    iv_spd: 5
    is_egg: 1
    is_nicknamed: 1
ot_first_meet:
  address: 0xDD
  bits:
    met_level: 7
    ot_gender: 1
ot_nickname:
  endAtZero: true
  size: char16[0x0C]
  address: 0xB0
version:
  size: u8
  address: 0xDF
